
Microsoft Visual Studio Solution File, Format Version 12.00
# Visual Studio Version 17
VisualStudioVersion = 17.3.32804.467
MinimumVisualStudioVersion = 10.0.40219.1
Project("{FAE04EC0-301F-11D3-BF4B-00C04F79EFBC}") = "ClassPractise", "ClassPractise.csproj", "{818BE0C1-BD24-43F3-81A2-86BFF2E33C86}"
EndProject
Global
	GlobalSection(SolutionConfigurationPlatforms) = preSolution
		Debug|Any CPU = Debug|Any CPU
		Release|Any CPU = Release|Any CPU
	EndGlobalSection
	GlobalSection(ProjectConfigurationPlatforms) = postSolution
		{818BE0C1-BD24-43F3-81A2-86BFF2E33C86}.Debug|Any CPU.ActiveCfg = Debug|Any CPU
		{818BE0C1-BD24-43F3-81A2-86BFF2E33C86}.Debug|Any CPU.Build.0 = Debug|Any CPU
		{818BE0C1-BD24-43F3-81A2-86BFF2E33C86}.Release|Any CPU.ActiveCfg = Release|Any CPU
		{818BE0C1-BD24-43F3-81A2-86BFF2E33C86}.Release|Any CPU.Build.0 = Release|Any CPU
	EndGlobalSection
	GlobalSection(SolutionProperties) = preSolution
		HideSolutionNode = FALSE
	EndGlobalSection
	GlobalSection(ExtensibilityGlobals) = postSolution
		SolutionGuid = {912E7F2C-7F4A-4E51-83CA-5F73074BCAAF}
	EndGlobalSection
EndGlobal
